
Microsoft Visual Studio Solution File, Format Version 12.00
# Visual Studio 15
VisualStudioVersion = 15.0.26228.4
MinimumVisualStudioVersion = 10.0.40219.1
Project("{FAE04EC0-301F-11D3-BF4B-00C04F79EFBC}") = "Nice-Board", "Nice-Board.csproj", "{BFAB8F36-E58A-4D6F-9269-5A73B7E9E649}"
	ProjectSection(ProjectDependencies) = postProject
		{4B6E9514-76DD-46B6-8C5F-57E0EF471757} = {4B6E9514-76DD-46B6-8C5F-57E0EF471757}
		{60147A24-1D6D-41D9-809D-AC22B8186417} = {60147A24-1D6D-41D9-809D-AC22B8186417}
		{B21CF02C-8232-48AE-B2A7-5D4082E9EE76} = {B21CF02C-8232-48AE-B2A7-5D4082E9EE76}
		{2FFE8946-F9FB-407C-9FB3-AA04E12DFCFB} = {2FFE8946-F9FB-407C-9FB3-AA04E12DFCFB}
		{C8B817CD-7131-40D8-8023-4E22778B1782} = {C8B817CD-7131-40D8-8023-4E22778B1782}
	EndProjectSection
EndProject
Project("{FAE04EC0-301F-11D3-BF4B-00C04F79EFBC}") = "Nice-Board-Core", "Nice-Board-Core\Nice-Board-Core.csproj", "{C8B817CD-7131-40D8-8023-4E22778B1782}"
EndProject
Project("{FAE04EC0-301F-11D3-BF4B-00C04F79EFBC}") = "Nice-Board-GoogleClient", "Nice-Board-Clients\Nice-Board-GoogleClient.csproj", "{60147A24-1D6D-41D9-809D-AC22B8186417}"
EndProject
Project("{FAE04EC0-301F-11D3-BF4B-00C04F79EFBC}") = "Nice-Board-Configuration", "Nice-Board-Configuration\Nice-Board-Configuration.csproj", "{B21CF02C-8232-48AE-B2A7-5D4082E9EE76}"
EndProject
Project("{FAE04EC0-301F-11D3-BF4B-00C04F79EFBC}") = "Nice-Board-GoogleCalendar", "Nice-Board-GoogleCalendar\Nice-Board-GoogleCalendar.csproj", "{2FFE8946-F9FB-407C-9FB3-AA04E12DFCFB}"
EndProject
Project("{FAE04EC0-301F-11D3-BF4B-00C04F79EFBC}") = "Nice-Board-CoreUI", "..\Nice-Board-CoreUI\Nice-Board-CoreUI.csproj", "{4B6E9514-76DD-46B6-8C5F-57E0EF471757}"
EndProject
Project("{FAE04EC0-301F-11D3-BF4B-00C04F79EFBC}") = "Nice-Board-RTC", "Nice-Board-RTC\Nice-Board-RTC.csproj", "{C626F74C-7A7A-4C24-B7F1-F9A3746A4E06}"
EndProject
Global
	GlobalSection(SolutionConfigurationPlatforms) = preSolution
		Debug|Any CPU = Debug|Any CPU
		Debug|ARM = Debug|ARM
		Debug|x64 = Debug|x64
		Debug|x86 = Debug|x86
		Release|Any CPU = Release|Any CPU
		Release|ARM = Release|ARM
		Release|x64 = Release|x64
		Release|x86 = Release|x86
	EndGlobalSection
	GlobalSection(ProjectConfigurationPlatforms) = postSolution
		{BFAB8F36-E58A-4D6F-9269-5A73B7E9E649}.Debug|Any CPU.ActiveCfg = Debug|x86
		{BFAB8F36-E58A-4D6F-9269-5A73B7E9E649}.Debug|Any CPU.Build.0 = Debug|x86
		{BFAB8F36-E58A-4D6F-9269-5A73B7E9E649}.Debug|Any CPU.Deploy.0 = Debug|x86
		{BFAB8F36-E58A-4D6F-9269-5A73B7E9E649}.Debug|ARM.ActiveCfg = Debug|ARM
		{BFAB8F36-E58A-4D6F-9269-5A73B7E9E649}.Debug|ARM.Build.0 = Debug|ARM
		{BFAB8F36-E58A-4D6F-9269-5A73B7E9E649}.Debug|ARM.Deploy.0 = Debug|ARM
		{BFAB8F36-E58A-4D6F-9269-5A73B7E9E649}.Debug|x64.ActiveCfg = Debug|x64
		{BFAB8F36-E58A-4D6F-9269-5A73B7E9E649}.Debug|x64.Build.0 = Debug|x64
		{BFAB8F36-E58A-4D6F-9269-5A73B7E9E649}.Debug|x64.Deploy.0 = Debug|x64
		{BFAB8F36-E58A-4D6F-9269-5A73B7E9E649}.Debug|x86.ActiveCfg = Debug|x86
		{BFAB8F36-E58A-4D6F-9269-5A73B7E9E649}.Debug|x86.Build.0 = Debug|x86
		{BFAB8F36-E58A-4D6F-9269-5A73B7E9E649}.Debug|x86.Deploy.0 = Debug|x86
		{BFAB8F36-E58A-4D6F-9269-5A73B7E9E649}.Release|Any CPU.ActiveCfg = Release|x86
		{BFAB8F36-E58A-4D6F-9269-5A73B7E9E649}.Release|ARM.ActiveCfg = Release|ARM
		{BFAB8F36-E58A-4D6F-9269-5A73B7E9E649}.Release|ARM.Build.0 = Release|ARM
		{BFAB8F36-E58A-4D6F-9269-5A73B7E9E649}.Release|ARM.Deploy.0 = Release|ARM
		{BFAB8F36-E58A-4D6F-9269-5A73B7E9E649}.Release|x64.ActiveCfg = Release|x64
		{BFAB8F36-E58A-4D6F-9269-5A73B7E9E649}.Release|x64.Build.0 = Release|x64
		{BFAB8F36-E58A-4D6F-9269-5A73B7E9E649}.Release|x64.Deploy.0 = Release|x64
		{BFAB8F36-E58A-4D6F-9269-5A73B7E9E649}.Release|x86.ActiveCfg = Release|x86
		{BFAB8F36-E58A-4D6F-9269-5A73B7E9E649}.Release|x86.Build.0 = Release|x86
		{BFAB8F36-E58A-4D6F-9269-5A73B7E9E649}.Release|x86.Deploy.0 = Release|x86
		{C8B817CD-7131-40D8-8023-4E22778B1782}.Debug|Any CPU.ActiveCfg = Debug|Any CPU
		{C8B817CD-7131-40D8-8023-4E22778B1782}.Debug|Any CPU.Build.0 = Debug|Any CPU
		{C8B817CD-7131-40D8-8023-4E22778B1782}.Debug|ARM.ActiveCfg = Debug|ARM
		{C8B817CD-7131-40D8-8023-4E22778B1782}.Debug|ARM.Build.0 = Debug|ARM
		{C8B817CD-7131-40D8-8023-4E22778B1782}.Debug|x64.ActiveCfg = Debug|x64
		{C8B817CD-7131-40D8-8023-4E22778B1782}.Debug|x64.Build.0 = Debug|x64
		{C8B817CD-7131-40D8-8023-4E22778B1782}.Debug|x86.ActiveCfg = Debug|x86
		{C8B817CD-7131-40D8-8023-4E22778B1782}.Debug|x86.Build.0 = Debug|x86
		{C8B817CD-7131-40D8-8023-4E22778B1782}.Release|Any CPU.ActiveCfg = Release|Any CPU
		{C8B817CD-7131-40D8-8023-4E22778B1782}.Release|Any CPU.Build.0 = Release|Any CPU
		{C8B817CD-7131-40D8-8023-4E22778B1782}.Release|ARM.ActiveCfg = Release|ARM
		{C8B817CD-7131-40D8-8023-4E22778B1782}.Release|ARM.Build.0 = Release|ARM
		{C8B817CD-7131-40D8-8023-4E22778B1782}.Release|x64.ActiveCfg = Release|x64
		{C8B817CD-7131-40D8-8023-4E22778B1782}.Release|x64.Build.0 = Release|x64
		{C8B817CD-7131-40D8-8023-4E22778B1782}.Release|x86.ActiveCfg = Release|x86
		{C8B817CD-7131-40D8-8023-4E22778B1782}.Release|x86.Build.0 = Release|x86
		{60147A24-1D6D-41D9-809D-AC22B8186417}.Debug|Any CPU.ActiveCfg = Debug|Any CPU
		{60147A24-1D6D-41D9-809D-AC22B8186417}.Debug|Any CPU.Build.0 = Debug|Any CPU
		{60147A24-1D6D-41D9-809D-AC22B8186417}.Debug|ARM.ActiveCfg = Debug|ARM
		{60147A24-1D6D-41D9-809D-AC22B8186417}.Debug|ARM.Build.0 = Debug|ARM
		{60147A24-1D6D-41D9-809D-AC22B8186417}.Debug|x64.ActiveCfg = Debug|x64
		{60147A24-1D6D-41D9-809D-AC22B8186417}.Debug|x64.Build.0 = Debug|x64
		{60147A24-1D6D-41D9-809D-AC22B8186417}.Debug|x86.ActiveCfg = Debug|x86
		{60147A24-1D6D-41D9-809D-AC22B8186417}.Debug|x86.Build.0 = Debug|x86
		{60147A24-1D6D-41D9-809D-AC22B8186417}.Release|Any CPU.ActiveCfg = Release|Any CPU
		{60147A24-1D6D-41D9-809D-AC22B8186417}.Release|Any CPU.Build.0 = Release|Any CPU
		{60147A24-1D6D-41D9-809D-AC22B8186417}.Release|ARM.ActiveCfg = Release|ARM
		{60147A24-1D6D-41D9-809D-AC22B8186417}.Release|ARM.Build.0 = Release|ARM
		{60147A24-1D6D-41D9-809D-AC22B8186417}.Release|x64.ActiveCfg = Release|x64
		{60147A24-1D6D-41D9-809D-AC22B8186417}.Release|x64.Build.0 = Release|x64
		{60147A24-1D6D-41D9-809D-AC22B8186417}.Release|x86.ActiveCfg = Release|x86
		{60147A24-1D6D-41D9-809D-AC22B8186417}.Release|x86.Build.0 = Release|x86
		{B21CF02C-8232-48AE-B2A7-5D4082E9EE76}.Debug|Any CPU.ActiveCfg = Debug|Any CPU
		{B21CF02C-8232-48AE-B2A7-5D4082E9EE76}.Debug|Any CPU.Build.0 = Debug|Any CPU
		{B21CF02C-8232-48AE-B2A7-5D4082E9EE76}.Debug|ARM.ActiveCfg = Debug|ARM
		{B21CF02C-8232-48AE-B2A7-5D4082E9EE76}.Debug|ARM.Build.0 = Debug|ARM
		{B21CF02C-8232-48AE-B2A7-5D4082E9EE76}.Debug|x64.ActiveCfg = Debug|x64
		{B21CF02C-8232-48AE-B2A7-5D4082E9EE76}.Debug|x64.Build.0 = Debug|x64
		{B21CF02C-8232-48AE-B2A7-5D4082E9EE76}.Debug|x86.ActiveCfg = Debug|x86
		{B21CF02C-8232-48AE-B2A7-5D4082E9EE76}.Debug|x86.Build.0 = Debug|x86
		{B21CF02C-8232-48AE-B2A7-5D4082E9EE76}.Release|Any CPU.ActiveCfg = Release|Any CPU
		{B21CF02C-8232-48AE-B2A7-5D4082E9EE76}.Release|Any CPU.Build.0 = Release|Any CPU
		{B21CF02C-8232-48AE-B2A7-5D4082E9EE76}.Release|ARM.ActiveCfg = Release|ARM
		{B21CF02C-8232-48AE-B2A7-5D4082E9EE76}.Release|ARM.Build.0 = Release|ARM
		{B21CF02C-8232-48AE-B2A7-5D4082E9EE76}.Release|x64.ActiveCfg = Release|x64
		{B21CF02C-8232-48AE-B2A7-5D4082E9EE76}.Release|x64.Build.0 = Release|x64
		{B21CF02C-8232-48AE-B2A7-5D4082E9EE76}.Release|x86.ActiveCfg = Release|x86
		{B21CF02C-8232-48AE-B2A7-5D4082E9EE76}.Release|x86.Build.0 = Release|x86
		{2FFE8946-F9FB-407C-9FB3-AA04E12DFCFB}.Debug|Any CPU.ActiveCfg = Debug|Any CPU
		{2FFE8946-F9FB-407C-9FB3-AA04E12DFCFB}.Debug|Any CPU.Build.0 = Debug|Any CPU
		{2FFE8946-F9FB-407C-9FB3-AA04E12DFCFB}.Debug|ARM.ActiveCfg = Debug|ARM
		{2FFE8946-F9FB-407C-9FB3-AA04E12DFCFB}.Debug|ARM.Build.0 = Debug|ARM
		{2FFE8946-F9FB-407C-9FB3-AA04E12DFCFB}.Debug|x64.ActiveCfg = Debug|x64
		{2FFE8946-F9FB-407C-9FB3-AA04E12DFCFB}.Debug|x64.Build.0 = Debug|x64
		{2FFE8946-F9FB-407C-9FB3-AA04E12DFCFB}.Debug|x86.ActiveCfg = Debug|x86
		{2FFE8946-F9FB-407C-9FB3-AA04E12DFCFB}.Debug|x86.Build.0 = Debug|x86
		{2FFE8946-F9FB-407C-9FB3-AA04E12DFCFB}.Release|Any CPU.ActiveCfg = Release|Any CPU
		{2FFE8946-F9FB-407C-9FB3-AA04E12DFCFB}.Release|Any CPU.Build.0 = Release|Any CPU
		{2FFE8946-F9FB-407C-9FB3-AA04E12DFCFB}.Release|ARM.ActiveCfg = Release|ARM
		{2FFE8946-F9FB-407C-9FB3-AA04E12DFCFB}.Release|ARM.Build.0 = Release|ARM
		{2FFE8946-F9FB-407C-9FB3-AA04E12DFCFB}.Release|x64.ActiveCfg = Release|x64
		{2FFE8946-F9FB-407C-9FB3-AA04E12DFCFB}.Release|x64.Build.0 = Release|x64
		{2FFE8946-F9FB-407C-9FB3-AA04E12DFCFB}.Release|x86.ActiveCfg = Release|x86
		{2FFE8946-F9FB-407C-9FB3-AA04E12DFCFB}.Release|x86.Build.0 = Release|x86
		{4B6E9514-76DD-46B6-8C5F-57E0EF471757}.Debug|Any CPU.ActiveCfg = Debug|Any CPU
		{4B6E9514-76DD-46B6-8C5F-57E0EF471757}.Debug|Any CPU.Build.0 = Debug|Any CPU
		{4B6E9514-76DD-46B6-8C5F-57E0EF471757}.Debug|ARM.ActiveCfg = Debug|ARM
		{4B6E9514-76DD-46B6-8C5F-57E0EF471757}.Debug|ARM.Build.0 = Debug|ARM
		{4B6E9514-76DD-46B6-8C5F-57E0EF471757}.Debug|x64.ActiveCfg = Debug|x64
		{4B6E9514-76DD-46B6-8C5F-57E0EF471757}.Debug|x64.Build.0 = Debug|x64
		{4B6E9514-76DD-46B6-8C5F-57E0EF471757}.Debug|x86.ActiveCfg = Debug|x86
		{4B6E9514-76DD-46B6-8C5F-57E0EF471757}.Debug|x86.Build.0 = Debug|x86
		{4B6E9514-76DD-46B6-8C5F-57E0EF471757}.Release|Any CPU.ActiveCfg = Release|Any CPU
		{4B6E9514-76DD-46B6-8C5F-57E0EF471757}.Release|Any CPU.Build.0 = Release|Any CPU
		{4B6E9514-76DD-46B6-8C5F-57E0EF471757}.Release|ARM.ActiveCfg = Release|ARM
		{4B6E9514-76DD-46B6-8C5F-57E0EF471757}.Release|ARM.Build.0 = Release|ARM
		{4B6E9514-76DD-46B6-8C5F-57E0EF471757}.Release|x64.ActiveCfg = Release|x64
		{4B6E9514-76DD-46B6-8C5F-57E0EF471757}.Release|x64.Build.0 = Release|x64
		{4B6E9514-76DD-46B6-8C5F-57E0EF471757}.Release|x86.ActiveCfg = Release|x86
		{4B6E9514-76DD-46B6-8C5F-57E0EF471757}.Release|x86.Build.0 = Release|x86
		{C626F74C-7A7A-4C24-B7F1-F9A3746A4E06}.Debug|Any CPU.ActiveCfg = Debug|Any CPU
		{C626F74C-7A7A-4C24-B7F1-F9A3746A4E06}.Debug|Any CPU.Build.0 = Debug|Any CPU
		{C626F74C-7A7A-4C24-B7F1-F9A3746A4E06}.Debug|ARM.ActiveCfg = Debug|ARM
		{C626F74C-7A7A-4C24-B7F1-F9A3746A4E06}.Debug|ARM.Build.0 = Debug|ARM
		{C626F74C-7A7A-4C24-B7F1-F9A3746A4E06}.Debug|x64.ActiveCfg = Debug|x64
		{C626F74C-7A7A-4C24-B7F1-F9A3746A4E06}.Debug|x64.Build.0 = Debug|x64
		{C626F74C-7A7A-4C24-B7F1-F9A3746A4E06}.Debug|x86.ActiveCfg = Debug|x86
		{C626F74C-7A7A-4C24-B7F1-F9A3746A4E06}.Debug|x86.Build.0 = Debug|x86
		{C626F74C-7A7A-4C24-B7F1-F9A3746A4E06}.Release|Any CPU.ActiveCfg = Release|Any CPU
		{C626F74C-7A7A-4C24-B7F1-F9A3746A4E06}.Release|Any CPU.Build.0 = Release|Any CPU
		{C626F74C-7A7A-4C24-B7F1-F9A3746A4E06}.Release|ARM.ActiveCfg = Release|ARM
		{C626F74C-7A7A-4C24-B7F1-F9A3746A4E06}.Release|ARM.Build.0 = Release|ARM
		{C626F74C-7A7A-4C24-B7F1-F9A3746A4E06}.Release|x64.ActiveCfg = Release|x64
		{C626F74C-7A7A-4C24-B7F1-F9A3746A4E06}.Release|x64.Build.0 = Release|x64
		{C626F74C-7A7A-4C24-B7F1-F9A3746A4E06}.Release|x86.ActiveCfg = Release|x86
		{C626F74C-7A7A-4C24-B7F1-F9A3746A4E06}.Release|x86.Build.0 = Release|x86
	EndGlobalSection
	GlobalSection(SolutionProperties) = preSolution
		HideSolutionNode = FALSE
	EndGlobalSection
EndGlobal
